
Microsoft Visual Studio Solution File, Format Version 12.00
# Visual Studio Version 17
VisualStudioVersion = 17.5.33627.172
MinimumVisualStudioVersion = 10.0.40219.1
Project("{FAE04EC0-301F-11D3-BF4B-00C04F79EFBC}") = "SpendManagement.ApiGateway", "SpendManagement.ApiGateway.csproj", "{46ADB9A3-D17A-4F92-9BAE-CF349630B43F}"
EndProject
Global
	GlobalSection(SolutionConfigurationPlatforms) = preSolution
		Debug|Any CPU = Debug|Any CPU
		Release|Any CPU = Release|Any CPU
	EndGlobalSection
	GlobalSection(ProjectConfigurationPlatforms) = postSolution
		{46ADB9A3-D17A-4F92-9BAE-CF349630B43F}.Debug|Any CPU.ActiveCfg = Debug|Any CPU
		{46ADB9A3-D17A-4F92-9BAE-CF349630B43F}.Debug|Any CPU.Build.0 = Debug|Any CPU
		{46ADB9A3-D17A-4F92-9BAE-CF349630B43F}.Release|Any CPU.ActiveCfg = Release|Any CPU
		{46ADB9A3-D17A-4F92-9BAE-CF349630B43F}.Release|Any CPU.Build.0 = Release|Any CPU
	EndGlobalSection
	GlobalSection(SolutionProperties) = preSolution
		HideSolutionNode = FALSE
	EndGlobalSection
	GlobalSection(ExtensibilityGlobals) = postSolution
		SolutionGuid = {CBEF0DA5-0D6A-4B69-93DF-8ECA3106DB66}
	EndGlobalSection
EndGlobal
